proj_file_hash = "d7deacf4411ec803ad992b9c0c0157f0"

[[dependencies]]
name = "asynctask"
version = "1.1.5"
path = ".fixlang/deps/asynctask_1.1.5"

[dependencies.git]
repo = "https://github.com/tttmmmyyyy/fixlang-asynctask.git"
rev = "a18fb87a2e47cc19cf263a4311704e88880dc2c8"

[[dependencies]]
name = "character"
version = "1.0.1"
path = ".fixlang/deps/character_1.0.1"

[dependencies.git]
repo = "https://github.com/tttmmmyyyy/fixlang-character.git"
rev = "fd75a6634ec0c919f2d1703112d25da9a3c2346e"

[[dependencies]]
name = "hash"
version = "1.1.1"
path = ".fixlang/deps/hash_1.1.1"

[dependencies.git]
repo = "https://github.com/tttmmmyyyy/fixlang-hash.git"
rev = "145a20913eb9c280edd616d5b9977d33303343c1"

[[dependencies]]
name = "hashmap"
version = "2.0.0"
path = ".fixlang/deps/hashmap_2.0.0"

[dependencies.git]
repo = "https://github.com/tttmmmyyyy/fixlang-hashmap.git"
rev = "26bcb6c7cb66cc39b4f2604e1c94aa7730e03a9e"

[[dependencies]]
name = "math"
version = "1.2.1"
path = ".fixlang/deps/math_1.2.1"

[dependencies.git]
repo = "https://github.com/tttmmmyyyy/fixlang-math.git"
rev = "f02f1493b1ac5563edded5ef36c8f7f82e512584"

[[dependencies]]
name = "minilib-app"
version = "0.7.3"
path = ".fixlang/deps/minilib-app_0.7.3"

[dependencies.git]
repo = "https://github.com/pt9999/fixlang-minilib-app.git"
rev = "1d1768c013203d3b9916512be81529aa06420a86"

[[dependencies]]
name = "minilib-binary"
version = "0.6.3"
path = ".fixlang/deps/minilib-binary_0.6.3"

[dependencies.git]
repo = "https://github.com/pt9999/fixlang-minilib-binary.git"
rev = "e396317bce3c7a1006de2386e8cb71fa3665503a"

[[dependencies]]
name = "minilib-common"
version = "0.13.1"
path = ".fixlang/deps/minilib-common_0.13.1"

[dependencies.git]
repo = "https://github.com/pt9999/fixlang-minilib-common.git"
rev = "87c043b05ab35881c81a53587cdbc72f0ae0e5cf"

[[dependencies]]
name = "minilib-io"
version = "0.8.4"
path = ".fixlang/deps/minilib-io_0.8.4"

[dependencies.git]
repo = "https://github.com/pt9999/fixlang-minilib-io.git"
rev = "dbcaf9dae93f1df864b6eab0283f950f85d9c3f4"

[[dependencies]]
name = "minilib-math"
version = "0.7.4"
path = ".fixlang/deps/minilib-math_0.7.4"

[dependencies.git]
repo = "https://github.com/pt9999/fixlang-minilib-math.git"
rev = "e8d6548141b36335de8eb97716198d40a987a7c7"

[[dependencies]]
name = "minilib-monad"
version = "0.11.4"
path = ".fixlang/deps/minilib-monad_0.11.4"

[dependencies.git]
repo = "https://github.com/pt9999/fixlang-minilib-monad.git"
rev = "2efb940bb8d7c7350305bac87b7f98611e97bfed"

[[dependencies]]
name = "minilib-random"
version = "0.7.3"
path = ".fixlang/deps/minilib-random_0.7.3"

[dependencies.git]
repo = "https://github.com/pt9999/fixlang-minilib-random.git"
rev = "4f53be4765f3d01f35b77a4e58fafe29bc5e485f"

[[dependencies]]
name = "minilib-thread"
version = "0.7.2"
path = ".fixlang/deps/minilib-thread_0.7.2"

[dependencies.git]
repo = "https://github.com/pt9999/fixlang-minilib-thread.git"
rev = "b99a83f5b3527361832bf3b8e4c71c725db30408"

[[dependencies]]
name = "random"
version = "1.1.1"
path = ".fixlang/deps/random_1.1.1"

[dependencies.git]
repo = "https://github.com/tttmmmyyyy/fixlang-random.git"
rev = "b4f83ee48564e714c0918513dd431f9135493dce"

[[dependencies]]
name = "ring-buffer"
version = "0.1.1"
path = ".fixlang/deps/ring-buffer_0.1.1"

[dependencies.git]
repo = "https://github.com/tttmmmyyyy/ring-buffer.git"
rev = "78e543ca1eb24737659c47fa1253f0f4e92994bf"

[[dependencies]]
name = "time"
version = "1.0.2"
path = ".fixlang/deps/time_1.0.2"

[dependencies.git]
repo = "https://github.com/tttmmmyyyy/fixlang-time.git"
rev = "7af8a5c115e7437f94dcb4353807c03d816856f6"
