proj_file_hash = "a27bf6dac2f4419ec9d0b10ae57d9ab5"

[[dependencies]]
name = "minilib-app"
version = "0.1.5"
path = ".fixlang/deps/minilib-app_0.1.5"

[dependencies.git]
repo = "https://github.com/pt9999/fixlang-minilib-app.git"
rev = "e4a42329d361e53e7a81a40be8a66f5b6daa83b0"

[[dependencies]]
name = "hashmap"
version = "1.0.0"
path = ".fixlang/deps/hashmap_1.0.0"

[dependencies.git]
repo = "https://github.com/tttmmmyyyy/fixlang-hashmap.git"
rev = "57b578c24738d6a5d19bb60a1705edec321485ff"

[[dependencies]]
name = "hash"
version = "1.0.0"
path = ".fixlang/deps/hash_1.0.0"

[dependencies.git]
repo = "https://github.com/tttmmmyyyy/fixlang-hash.git"
rev = "4b2f01c2d7309447fe7cd68a8d105ae86e2bde97"

[[dependencies]]
name = "minilib-common"
version = "0.2.1"
path = ".fixlang/deps/minilib-common_0.2.1"

[dependencies.git]
repo = "https://github.com/pt9999/fixlang-minilib-common.git"
rev = "291adcdc6cf4001353a808dcb162ed744f513147"

[[dependencies]]
name = "character"
version = "1.0.0"
path = ".fixlang/deps/character_1.0.0"

[dependencies.git]
repo = "https://github.com/tttmmmyyyy/fixlang-character.git"
rev = "13e128d2b87a729c4e73d986994a5cedcf3e8f49"

[[dependencies]]
name = "time"
version = "1.0.0"
path = ".fixlang/deps/time_1.0.0"

[dependencies.git]
repo = "https://github.com/tttmmmyyyy/fixlang-time.git"
rev = "0df92cf1c3ffc148d658c1a554c94105aef13520"

[[dependencies]]
name = "minilib-thread"
version = "0.2.1"
path = ".fixlang/deps/minilib-thread_0.2.1"

[dependencies.git]
repo = "https://github.com/pt9999/fixlang-minilib-thread.git"
rev = "46f8a3caed1802e449bcd9d376ddd439ccf4be0f"

[[dependencies]]
name = "minilib-collection"
version = "0.2.1"
path = ".fixlang/deps/minilib-collection_0.2.1"

[dependencies.git]
repo = "https://github.com/pt9999/fixlang-minilib-collection.git"
rev = "02da55b895655be63d284c7e4000600cee74233c"

[[dependencies]]
name = "random"
version = "1.0.0"
path = ".fixlang/deps/random_1.0.0"

[dependencies.git]
repo = "https://github.com/tttmmmyyyy/fixlang-random.git"
rev = "b802af50726199a6dc815bef1cc64075cd4cbd2d"

[[dependencies]]
name = "asynctask"
version = "1.0.0"
path = ".fixlang/deps/asynctask_1.0.0"

[dependencies.git]
repo = "https://github.com/tttmmmyyyy/fixlang-asynctask.git"
rev = "6b36519aade839ecb28ec236bc4cabe37416f398"

[[dependencies]]
name = "minilib-io"
version = "0.3.1"
path = ".fixlang/deps/minilib-io_0.3.1"

[dependencies.git]
repo = "https://github.com/pt9999/fixlang-minilib-io.git"
rev = "0b96021a202b315a903be63cb6c49471b3e92d47"

[[dependencies]]
name = "minilib-binary"
version = "0.1.6"
path = ".fixlang/deps/minilib-binary_0.1.6"

[dependencies.git]
repo = "https://github.com/pt9999/fixlang-minilib-binary.git"
rev = "86ec8949cd8fc6eaeb7008d722d061f466892383"

[[dependencies]]
name = "minilib-math"
version = "0.2.1"
path = ".fixlang/deps/minilib-math_0.2.1"

[dependencies.git]
repo = "https://github.com/pt9999/fixlang-minilib-math.git"
rev = "b30856af57a96e4daf62b921f344d811afe63f59"

[[dependencies]]
name = "math"
version = "1.0.0"
path = ".fixlang/deps/math_1.0.0"

[dependencies.git]
repo = "https://github.com/tttmmmyyyy/fixlang-math.git"
rev = "6b1c3810d49d0291c2a800f783be38138cf4381d"

[[dependencies]]
name = "minilib-random"
version = "0.1.5"
path = ".fixlang/deps/minilib-random_0.1.5"

[dependencies.git]
repo = "https://github.com/pt9999/fixlang-minilib-random.git"
rev = "8b19000fae4e33aa674613366089b46819b10afb"

[[dependencies]]
name = "minilib-monad"
version = "0.2.3"
path = ".fixlang/deps/minilib-monad_0.2.3"

[dependencies.git]
repo = "https://github.com/pt9999/fixlang-minilib-monad.git"
rev = "39da7c2c6b7fdef743606f10feaa882436e420fa"
