proj_file_hash = "fc00950ab3a3d279ce051a4d67317d69"

[[dependencies]]
name = "regexp"
version = "1.0.0"
path = ".fixlang/deps/regexp_1.0.0"

[dependencies.git]
repo = "https://github.com/tttmmmyyyy/fixlang-regexp.git"
rev = "6a2e024a7b93a444bb1cc580438013d0fbd52668"

[[dependencies]]
name = "hashmap"
version = "1.0.0"
path = ".fixlang/deps/hashmap_1.0.0"

[dependencies.git]
repo = "https://github.com/tttmmmyyyy/fixlang-hashmap.git"
rev = "57b578c24738d6a5d19bb60a1705edec321485ff"

[[dependencies]]
name = "hash"
version = "1.0.0"
path = ".fixlang/deps/hash_1.0.0"

[dependencies.git]
repo = "https://github.com/tttmmmyyyy/fixlang-hash.git"
rev = "4b2f01c2d7309447fe7cd68a8d105ae86e2bde97"

[[dependencies]]
name = "character"
version = "1.0.0"
path = ".fixlang/deps/character_1.0.0"

[dependencies.git]
repo = "https://github.com/tttmmmyyyy/fixlang-character.git"
rev = "13e128d2b87a729c4e73d986994a5cedcf3e8f49"

[[dependencies]]
name = "minilib-app"
version = "0.1.7"
path = ".fixlang/deps/minilib-app_0.1.7"

[dependencies.git]
repo = "https://github.com/pt9999/fixlang-minilib-app.git"
rev = "12a5f01b504b7fb137dea280c510915799a5a846"

[[dependencies]]
name = "minilib-common"
version = "0.3.3"
path = ".fixlang/deps/minilib-common_0.3.3"

[dependencies.git]
repo = "https://github.com/pt9999/fixlang-minilib-common.git"
rev = "d5e9bab48897e117a279b8bddcf189b202d270fd"

[[dependencies]]
name = "time"
version = "1.0.0"
path = ".fixlang/deps/time_1.0.0"

[dependencies.git]
repo = "https://github.com/tttmmmyyyy/fixlang-time.git"
rev = "0df92cf1c3ffc148d658c1a554c94105aef13520"
