proj_file_hash = "2b059304744cf6c5f2378dff0fc044ff"

[[dependencies]]
name = "asynctask"
version = "1.1.5"
path = ".fixlang/deps/asynctask_1.1.5"

[dependencies.git]
repo = "https://github.com/tttmmmyyyy/fixlang-asynctask.git"
rev = "a18fb87a2e47cc19cf263a4311704e88880dc2c8"

[[dependencies]]
name = "minilib-app"
version = "0.6.2"
path = ".fixlang/deps/minilib-app_0.6.2"

[dependencies.git]
repo = "https://github.com/pt9999/fixlang-minilib-app.git"
rev = "9fced3d94debb0c2621d92dfa3a0c430b13aca61"

[[dependencies]]
name = "hashmap"
version = "1.1.4"
path = ".fixlang/deps/hashmap_1.1.4"

[dependencies.git]
repo = "https://github.com/tttmmmyyyy/fixlang-hashmap.git"
rev = "dd5d159216905fccdf4a01944c088f9064f5640b"

[[dependencies]]
name = "hash"
version = "1.1.1"
path = ".fixlang/deps/hash_1.1.1"

[dependencies.git]
repo = "https://github.com/tttmmmyyyy/fixlang-hash.git"
rev = "145a20913eb9c280edd616d5b9977d33303343c1"

[[dependencies]]
name = "minilib-common"
version = "0.11.4"
path = ".fixlang/deps/minilib-common_0.11.4"

[dependencies.git]
repo = "https://github.com/pt9999/fixlang-minilib-common.git"
rev = "6f8f5600359c7819e68f8e673a4270938a431ac1"

[[dependencies]]
name = "character"
version = "1.0.1"
path = ".fixlang/deps/character_1.0.1"

[dependencies.git]
repo = "https://github.com/tttmmmyyyy/fixlang-character.git"
rev = "fd75a6634ec0c919f2d1703112d25da9a3c2346e"

[[dependencies]]
name = "time"
version = "1.0.2"
path = ".fixlang/deps/time_1.0.2"

[dependencies.git]
repo = "https://github.com/tttmmmyyyy/fixlang-time.git"
rev = "7af8a5c115e7437f94dcb4353807c03d816856f6"

[[dependencies]]
name = "minilib-thread"
version = "0.6.1"
path = ".fixlang/deps/minilib-thread_0.6.1"

[dependencies.git]
repo = "https://github.com/pt9999/fixlang-minilib-thread.git"
rev = "6cbce136978583c1234a4c610d02ab3a153d637b"

[[dependencies]]
name = "minilib-collection"
version = "0.6.6"
path = ".fixlang/deps/minilib-collection_0.6.6"

[dependencies.git]
repo = "https://github.com/pt9999/fixlang-minilib-collection.git"
rev = "99a207ae97f44dba18727b56227c513e51b20e9a"

[[dependencies]]
name = "random"
version = "1.1.1"
path = ".fixlang/deps/random_1.1.1"

[dependencies.git]
repo = "https://github.com/tttmmmyyyy/fixlang-random.git"
rev = "b4f83ee48564e714c0918513dd431f9135493dce"

[[dependencies]]
name = "minilib-io"
version = "0.7.2"
path = ".fixlang/deps/minilib-io_0.7.2"

[dependencies.git]
repo = "https://github.com/pt9999/fixlang-minilib-io.git"
rev = "0c43fda85a10c2b6808578b9e2b2948ad7e8de13"

[[dependencies]]
name = "minilib-binary"
version = "0.5.6"
path = ".fixlang/deps/minilib-binary_0.5.6"

[dependencies.git]
repo = "https://github.com/pt9999/fixlang-minilib-binary.git"
rev = "ed5869111d41ad35f2fef7f2652cf9631f3875f7"

[[dependencies]]
name = "minilib-media"
version = "0.5.11"
path = ".fixlang/deps/minilib-media_0.5.11"

[dependencies.git]
repo = "https://github.com/pt9999/fixlang-minilib-media.git"
rev = "6db38d1b4bcdc11c1f3dc229a295707a7db50254"

[[dependencies]]
name = "minilib-xml"
version = "0.5.7"
path = ".fixlang/deps/minilib-xml_0.5.7"

[dependencies.git]
repo = "https://github.com/pt9999/fixlang-minilib-xml.git"
rev = "fd3e8a12ad6cb30ff0c3b03a9b396381e5b132a0"

[[dependencies]]
name = "minilib-text"
version = "0.7.3"
path = ".fixlang/deps/minilib-text_0.7.3"

[dependencies.git]
repo = "https://github.com/pt9999/fixlang-minilib-text.git"
rev = "de904bc257b70246613b3052437b91fb9bac89a3"

[[dependencies]]
name = "math"
version = "1.2.1"
path = ".fixlang/deps/math_1.2.1"

[dependencies.git]
repo = "https://github.com/tttmmmyyyy/fixlang-math.git"
rev = "f02f1493b1ac5563edded5ef36c8f7f82e512584"

[[dependencies]]
name = "minilib-net"
version = "0.6.8"
path = ".fixlang/deps/minilib-net_0.6.8"

[dependencies.git]
repo = "https://github.com/pt9999/fixlang-minilib-net.git"
rev = "8134ef4366d14d07fe196114c4695c689f241e5f"

[[dependencies]]
name = "minilib-math"
version = "0.6.8"
path = ".fixlang/deps/minilib-math_0.6.8"

[dependencies.git]
repo = "https://github.com/pt9999/fixlang-minilib-math.git"
rev = "c7be59213ec8ca7105f6548535d20ef9c714e78a"

[[dependencies]]
name = "minilib-random"
version = "0.6.8"
path = ".fixlang/deps/minilib-random_0.6.8"

[dependencies.git]
repo = "https://github.com/pt9999/fixlang-minilib-random.git"
rev = "2f7e01dc5a03bce77aa5a87677a7baef9d4d7781"

[[dependencies]]
name = "minilib-monad"
version = "0.10.1"
path = ".fixlang/deps/minilib-monad_0.10.1"

[dependencies.git]
repo = "https://github.com/pt9999/fixlang-minilib-monad.git"
rev = "b0eaa4d33a6c88e95a78f24c4a2357711973b789"
